#MicroXplorer Configuration settings - do not modify
ADC.ClockPrescaler=ADC_CLOCK_SYNC_PCLK_DIV4
ADC.ContinuousConvMode=ENABLE
ADC.DMAContinuousRequests=DISABLE
ADC.DataAlign=ADC_DATAALIGN_RIGHT
ADC.DiscontinuousConvMode=DISABLE
ADC.EOCSelection=ADC_EOC_SINGLE_CONV
ADC.EnableAnalogWatchDog=false
ADC.ExternalTrigConv=ADC_SOFTWARE_START
ADC.ExternalTrigConvEdge=ADC_EXTERNALTRIGCONVEDGE_NONE
ADC.IPParameters=SamplingTime,ContinuousConvMode,ClockPrescaler,Resolution,DataAlign,ScanConvMode,DiscontinuousConvMode,DMAContinuousRequests,EOCSelection,Overrun,LowPowerAutoWait,LowPowerFrequencyMode,LowPowerAutoPowerOff,OversamplingMode,ExternalTrigConv,ExternalTrigConvEdge,EnableAnalogWatchDog
ADC.LowPowerAutoPowerOff=DISABLE
ADC.LowPowerAutoWait=DISABLE
ADC.LowPowerFrequencyMode=DISABLE
ADC.Overrun=ADC_OVR_DATA_PRESERVED
ADC.OversamplingMode=DISABLE
ADC.Resolution=ADC_RESOLUTION_12B
ADC.SamplingTime=ADC_SAMPLETIME_7CYCLES_5
ADC.ScanConvMode=ADC_SCAN_DIRECTION_FORWARD
Dma.ADC.0.Direction=DMA_PERIPH_TO_MEMORY
Dma.ADC.0.Instance=DMA1_Channel1
Dma.ADC.0.MemDataAlignment=DMA_MDATAALIGN_WORD
Dma.ADC.0.MemInc=DMA_MINC_ENABLE
Dma.ADC.0.Mode=DMA_CIRCULAR
Dma.ADC.0.PeriphDataAlignment=DMA_PDATAALIGN_WORD
Dma.ADC.0.PeriphInc=DMA_PINC_DISABLE
Dma.ADC.0.Priority=DMA_PRIORITY_HIGH
Dma.ADC.0.RequestParameters=Instance,Direction,PeriphInc,MemInc,PeriphDataAlignment,MemDataAlignment,Mode,Priority
Dma.Request0=ADC
Dma.RequestsNb=1
FREERTOS.FootprintOK=true
FREERTOS.INCLUDE_eTaskGetState=1
FREERTOS.INCLUDE_pcTaskGetTaskName=1
FREERTOS.INCLUDE_vTaskCleanUpResources=1
FREERTOS.IPParameters=Tasks01,configTOTAL_HEAP_SIZE,FootprintOK,INCLUDE_eTaskGetState,INCLUDE_pcTaskGetTaskName,INCLUDE_vTaskCleanUpResources
FREERTOS.Tasks01=defaultTask,0,128,StartDefaultTask,Default
FREERTOS.configTOTAL_HEAP_SIZE=6144
File.Version=6
KeepUserPlacement=false
Mcu.Family=STM32L0
Mcu.IP0=ADC
Mcu.IP1=DMA
Mcu.IP10=USART5
Mcu.IP2=FREERTOS
Mcu.IP3=NVIC
Mcu.IP4=RCC
Mcu.IP5=RTC
Mcu.IP6=SYS
Mcu.IP7=USART1
Mcu.IP8=USART2
Mcu.IP9=USART4
Mcu.IPNb=11
Mcu.Name=STM32L071C(B-Z)Tx
Mcu.Package=LQFP48
Mcu.Pin0=PH0-OSC_IN
Mcu.Pin1=PH1-OSC_OUT
Mcu.Pin10=PB15
Mcu.Pin11=PA8
Mcu.Pin12=PA9
Mcu.Pin13=PA10
Mcu.Pin14=PA11
Mcu.Pin15=PA12
Mcu.Pin16=PA13
Mcu.Pin17=PA14
Mcu.Pin18=PA15
Mcu.Pin19=PB3
Mcu.Pin2=PA0
Mcu.Pin20=PB4
Mcu.Pin21=PB5
Mcu.Pin22=VP_FREERTOS_VS_ENABLE
Mcu.Pin23=VP_RTC_VS_RTC_Activate
Mcu.Pin24=VP_RTC_VS_RTC_Calendar
Mcu.Pin25=VP_RTC_VS_RTC_Alarm_B_Intern
Mcu.Pin26=VP_RTC_VS_RTC_Alarm_A_Intern
Mcu.Pin27=VP_SYS_VS_tim2
Mcu.Pin3=PA1
Mcu.Pin4=PA2
Mcu.Pin5=PA3
Mcu.Pin6=PA6
Mcu.Pin7=PA7
Mcu.Pin8=PB12
Mcu.Pin9=PB13
Mcu.PinsNb=28
Mcu.UserConstants=
Mcu.UserName=STM32L071CBTx
MxCube.Version=4.18.0
MxDb.Version=DB.4.0.180
NVIC.DMA1_Channel1_IRQn=true\:3\:0\:false\:false\:true\:true
NVIC.HardFault_IRQn=true\:0\:0\:false\:false\:true\:false
NVIC.NonMaskableInt_IRQn=true\:0\:0\:false\:false\:true\:false
NVIC.PendSV_IRQn=true\:3\:0\:false\:false\:false\:true
NVIC.RTC_IRQn=true\:3\:0\:false\:false\:true\:true
NVIC.SVC_IRQn=true\:0\:0\:false\:false\:false\:false
NVIC.SysTick_IRQn=true\:3\:0\:false\:false\:true\:true
NVIC.TIM2_IRQn=true\:0\:0\:false\:false\:true\:false
NVIC.TimeBase=TIM2_IRQn
NVIC.TimeBaseIP=TIM2
NVIC.USART1_IRQn=true\:3\:0\:false\:false\:true\:true
NVIC.USART2_IRQn=true\:3\:0\:false\:false\:true\:true
NVIC.USART4_5_IRQn=true\:3\:0\:false\:false\:true\:true
PA0.GPIOParameters=GPIO_Label
PA0.GPIO_Label=STM32_UART4_Tx
PA0.Mode=Asynchronous
PA0.Signal=USART4_TX
PA1.GPIOParameters=GPIO_Label
PA1.GPIO_Label=STM32_UART4_Rx
PA1.Mode=Asynchronous
PA1.Signal=USART4_RX
PA10.GPIOParameters=GPIO_Speed,GPIO_Label
PA10.GPIO_Label=STM32_UART1_Rx
PA10.GPIO_Speed=GPIO_SPEED_FREQ_HIGH
PA10.Mode=Asynchronous
PA10.Signal=USART1_RX
PA11.GPIOParameters=GPIO_Speed,PinState,GPIO_PuPd,GPIO_Label
PA11.GPIO_Label=Hart_INRTS
PA11.GPIO_PuPd=GPIO_NOPULL
PA11.GPIO_Speed=GPIO_SPEED_FREQ_LOW
PA11.Locked=true
PA11.PinState=GPIO_PIN_SET
PA11.Signal=GPIO_Output
PA12.GPIOParameters=GPIO_Speed,PinState,GPIO_PuPd,GPIO_Label
PA12.GPIO_Label=Hart_INRESET
PA12.GPIO_PuPd=GPIO_NOPULL
PA12.GPIO_Speed=GPIO_SPEED_FREQ_LOW
PA12.Locked=true
PA12.PinState=GPIO_PIN_SET
PA12.Signal=GPIO_Output
PA13.Mode=Serial_Wire
PA13.Signal=SYS_SWDIO
PA14.Mode=Serial_Wire
PA14.Signal=SYS_SWCLK
PA15.GPIOParameters=GPIO_Speed,PinState,GPIO_PuPd,GPIO_Label
PA15.GPIO_Label=Lora_RQ
PA15.GPIO_PuPd=GPIO_PULLUP
PA15.GPIO_Speed=GPIO_SPEED_FREQ_HIGH
PA15.Locked=true
PA15.PinState=GPIO_PIN_SET
PA15.Signal=GPIO_Output
PA2.GPIOParameters=GPIO_Speed,GPIO_Label
PA2.GPIO_Label=STM32_UART2_Tx
PA2.GPIO_Speed=GPIO_SPEED_FREQ_HIGH
PA2.Mode=Asynchronous
PA2.Signal=USART2_TX
PA3.GPIOParameters=GPIO_Speed,GPIO_Label
PA3.GPIO_Label=STM32_UART2_Rx
PA3.GPIO_Speed=GPIO_SPEED_FREQ_HIGH
PA3.Mode=Asynchronous
PA3.Signal=USART2_RX
PA6.GPIOParameters=GPIO_Label
PA6.GPIO_Label=Voltage_ADCIN6
PA6.Locked=true
PA6.Mode=IN6
PA6.Signal=ADC_IN6
PA7.GPIOParameters=GPIO_Label
PA7.GPIO_Label=Current_ADCIN7
PA7.Locked=true
PA7.Mode=IN7
PA7.Signal=ADC_IN7
PA8.GPIOParameters=GPIO_Label
PA8.GPIO_Label=Hart_OCD
PA8.Locked=true
PA8.Signal=GPIO_Input
PA9.GPIOParameters=GPIO_Label
PA9.GPIO_Label=STM32_UART1_Tx
PA9.Mode=Asynchronous
PA9.Signal=USART1_TX
PB12.GPIOParameters=GPIO_Speed,PinState,GPIO_Label
PB12.GPIO_Label=Hart_DATA
PB12.GPIO_Speed=GPIO_SPEED_FREQ_LOW
PB12.Locked=true
PB12.PinState=GPIO_PIN_RESET
PB12.Signal=GPIO_Output
PB13.GPIOParameters=GPIO_Speed,PinState,GPIO_PuPd,GPIO_Label
PB13.GPIO_Label=Hart_CLOCK
PB13.GPIO_PuPd=GPIO_NOPULL
PB13.GPIO_Speed=GPIO_SPEED_FREQ_LOW
PB13.Locked=true
PB13.PinState=GPIO_PIN_RESET
PB13.Signal=GPIO_Output
PB15.GPIOParameters=GPIO_Speed,PinState,GPIO_PuPd,GPIO_Label
PB15.GPIO_Label=Hart_LATCH
PB15.GPIO_PuPd=GPIO_NOPULL
PB15.GPIO_Speed=GPIO_SPEED_FREQ_LOW
PB15.Locked=true
PB15.PinState=GPIO_PIN_RESET
PB15.Signal=GPIO_Output
PB3.GPIOParameters=GPIO_Label
PB3.GPIO_Label=STM32_UART5_Tx
PB3.Mode=Asynchronous
PB3.Signal=USART5_TX
PB4.GPIOParameters=GPIO_Label
PB4.GPIO_Label=STM32_UART5_Rx
PB4.Mode=Asynchronous
PB4.Signal=USART5_RX
PB5.GPIOParameters=GPIO_Speed,PinState,GPIO_PuPd,GPIO_Label
PB5.GPIO_Label=Lora_RST
PB5.GPIO_PuPd=GPIO_PULLUP
PB5.GPIO_Speed=GPIO_SPEED_FREQ_HIGH
PB5.Locked=true
PB5.PinState=GPIO_PIN_SET
PB5.Signal=GPIO_Output
PCC.Checker=true
PCC.Line=STM32L0x1
PCC.MCU=STM32L071C(B-Z)Tx
PCC.MXVersion=4.18.0
PCC.PartNumber=STM32L071CBTx
PCC.Seq0=0
PCC.Series=STM32L0
PCC.Temperature=25
PCC.Vdd=3.0
PH0-OSC_IN.Mode=HSE-External-Oscillator
PH0-OSC_IN.Signal=RCC_OSC_IN
PH1-OSC_OUT.Mode=HSE-External-Oscillator
PH1-OSC_OUT.Signal=RCC_OSC_OUT
ProjectManager.AskForMigrate=true
ProjectManager.BackupPrevious=false
ProjectManager.CompilerOptimize=2
ProjectManager.ComputerToolchain=false
ProjectManager.CoupleFile=true
ProjectManager.CustomerFirmwarePackage=D\:/MDK5.12_Stm32/Repository/STM32Cube_FW_L0_V1.7.0
ProjectManager.DefaultFWLocation=true
ProjectManager.DeletePrevious=true
ProjectManager.DeviceId=STM32L071CBTx
ProjectManager.FirmwarePackage=STM32Cube FW_L0 V1.7.0
ProjectManager.FreePins=false
ProjectManager.HalAssertFull=false
ProjectManager.HeapSize=0x200
ProjectManager.KeepUserCode=true
ProjectManager.LastFirmware=true
ProjectManager.LibraryCopy=0
ProjectManager.PreviousToolchain=
ProjectManager.ProjectBuild=false
ProjectManager.ProjectFileName=STM32L071xx_FreeRtos_LoraHw3_Verx.x.x.ioc
ProjectManager.ProjectName=STM32L071xx_FreeRtos_LoraHw3_Verx.x.x
ProjectManager.StackSize=0x400
ProjectManager.TargetToolchain=MDK-ARM V5
ProjectManager.ToolChainLocation=C\:\\Users\\lvchunhao\\Desktop\\STM32L071xx_FreeRtos_LoraHw3_Ver1.0.0
ProjectManager.UnderRoot=false
ProjectManager.functionlistsort=1-MX_GPIO_Init-GPIO-false-HAL,2-MX_DMA_Init-DMA-false-HAL,3-SystemClock_Config-RCC-false-HAL,4-MX_ADC_Init-ADC-false-HAL,5-MX_USART1_UART_Init-USART1-false-HAL,6-MX_USART2_UART_Init-USART2-false-HAL,7-MX_USART4_UART_Init-USART4-false-HAL,8-MX_USART5_UART_Init-USART5-false-HAL,9-MX_RTC_Init-RTC-false-HAL
RCC.AHBFreq_Value=32000000
RCC.APB1Freq_Value=32000000
RCC.APB1TimFreq_Value=32000000
RCC.APB2CLKDivider=RCC_HCLK_DIV4
RCC.APB2Freq_Value=8000000
RCC.APB2TimFreq_Value=16000000
RCC.FCLKCortexFreq_Value=32000000
RCC.FamilyName=M
RCC.HCLKFreq_Value=32000000
RCC.HSE_VALUE=24000000
RCC.HSI16_VALUE=16000000
RCC.HSI_VALUE=16000000
RCC.I2C1Freq_Value=32000000
RCC.I2C3Freq_Value=32000000
RCC.IPParameters=AHBFreq_Value,APB1Freq_Value,APB1TimFreq_Value,APB2CLKDivider,APB2Freq_Value,APB2TimFreq_Value,FCLKCortexFreq_Value,FamilyName,HCLKFreq_Value,HSE_VALUE,HSI16_VALUE,HSI_VALUE,I2C1Freq_Value,I2C3Freq_Value,LPTIMFreq_Value,LPUARTFreq_Value,LSE_VALUE,LSI_VALUE,MCOPinFreq_Value,MSI_VALUE,PLLCLKFreq_Value,PLLDIV,PLLMUL,PLLSourceVirtual,PWRFreq_Value,RTCFreq_Value,RTCHSEDivFreq_Value,SYSCLKFreq_VALUE,SYSCLKSource,TIMFreq_Value,TimerFreq_Value,USART1Freq_Value,USART2Freq_Value,VCOInputFreq_Value,VCOOutputFreq_Value,WatchDogFreq_Value
RCC.LPTIMFreq_Value=32000000
RCC.LPUARTFreq_Value=32000000
RCC.LSE_VALUE=32768
RCC.LSI_VALUE=37000
RCC.MCOPinFreq_Value=32000000
RCC.MSI_VALUE=2097000
RCC.PLLCLKFreq_Value=32000000
RCC.PLLDIV=RCC_PLLDIV_3
RCC.PLLMUL=RCC_PLLMUL_4
RCC.PLLSourceVirtual=RCC_PLLSOURCE_HSE
RCC.PWRFreq_Value=32000000
RCC.RTCFreq_Value=37000
RCC.RTCHSEDivFreq_Value=12000000
RCC.SYSCLKFreq_VALUE=32000000
RCC.SYSCLKSource=RCC_SYSCLKSOURCE_PLLCLK
RCC.TIMFreq_Value=32000000
RCC.TimerFreq_Value=32000000
RCC.USART1Freq_Value=8000000
RCC.USART2Freq_Value=32000000
RCC.VCOInputFreq_Value=24000000
RCC.VCOOutputFreq_Value=96000000
RCC.WatchDogFreq_Value=37000
RTC.AlarmMaskSeconds-Alarm\ A=RTC_ALARMMASK_SECONDS
RTC.AlarmMaskSeconds_B-Alarm\ B=RTC_ALARMMASK_SECONDS
RTC.Format=RTC_FORMAT_BIN
RTC.IPParameters=AlarmMaskSeconds-Alarm A,AlarmMaskSeconds_B-Alarm B,Format
USART1.BaudRate=1200
USART1.IPParameters=WordLength,BaudRate
USART1.WordLength=UART_WORDLENGTH_9B
USART2.IPParameters=WordLength
USART2.WordLength=UART_WORDLENGTH_8B
USART4.IPParameters=WordLength
USART4.WordLength=UART_WORDLENGTH_8B
USART5.IPParameters=WordLength
USART5.WordLength=UART_WORDLENGTH_8B
VP_FREERTOS_VS_ENABLE.Mode=Enabled
VP_FREERTOS_VS_ENABLE.Signal=FREERTOS_VS_ENABLE
VP_RTC_VS_RTC_Activate.Mode=RTC_Enabled
VP_RTC_VS_RTC_Activate.Signal=RTC_VS_RTC_Activate
VP_RTC_VS_RTC_Alarm_A_Intern.Mode=Alarm A
VP_RTC_VS_RTC_Alarm_A_Intern.Signal=RTC_VS_RTC_Alarm_A_Intern
VP_RTC_VS_RTC_Alarm_B_Intern.Mode=Alarm B
VP_RTC_VS_RTC_Alarm_B_Intern.Signal=RTC_VS_RTC_Alarm_B_Intern
VP_RTC_VS_RTC_Calendar.Mode=RTC_Calendar
VP_RTC_VS_RTC_Calendar.Signal=RTC_VS_RTC_Calendar
VP_SYS_VS_tim2.Mode=TIM2
VP_SYS_VS_tim2.Signal=SYS_VS_tim2
board=STM32L071xx_FreeRtos_LoraHw3_Verx.x.x
